// !$*UTF8*$!
{
	archiveVersion = 1;
	classes = {
	};
	objectVersion = 56;
	objects = {

/* Begin PBXBuildFile section */
		0BF88C1F28F43FE50074602D /* INoteApp.swift in Sources */ = {isa = PBXBuildFile; fileRef = 0BF88C1E28F43FE50074602D /* INoteApp.swift */; };
		0BF88C2128F43FE50074602D /* ContentView.swift in Sources */ = {isa = PBXBuildFile; fileRef = 0BF88C2028F43FE50074602D /* ContentView.swift */; };
		0BF88C2328F43FE80074602D /* Assets.xcassets in Resources */ = {isa = PBXBuildFile; fileRef = 0BF88C2228F43FE80074602D /* Assets.xcassets */; };
		0BF88C2628F43FE80074602D /* Preview Assets.xcassets in Resources */ = {isa = PBXBuildFile; fileRef = 0BF88C2528F43FE80074602D /* Preview Assets.xcassets */; };
		0BF88C3028F43FE90074602D /* INoteTests.swift in Sources */ = {isa = PBXBuildFile; fileRef = 0BF88C2F28F43FE90074602D /* INoteTests.swift */; };
		0BF88C3A28F43FE90074602D /* INoteUITests.swift in Sources */ = {isa = PBXBuildFile; fileRef = 0BF88C3928F43FE90074602D /* INoteUITests.swift */; };
		0BF88C3C28F43FE90074602D /* INoteUITestsLaunchTests.swift in Sources */ = {isa = PBXBuildFile; fileRef = 0BF88C3B28F43FE90074602D /* INoteUITestsLaunchTests.swift */; };
		0BF88C4A28F440B70074602D /* NoDataView.swift in Sources */ = {isa = PBXBuildFile; fileRef = 0BF88C4928F440B70074602D /* NoDataView.swift */; };
		0BF88C4D28F452080074602D /* ArticleModel.swift in Sources */ = {isa = PBXBuildFile; fileRef = 0BF88C4C28F452080074602D /* ArticleModel.swift */; };
		0BF88C4F28F454130074602D /* NoteListRowView.swift in Sources */ = {isa = PBXBuildFile; fileRef = 0BF88C4E28F454130074602D /* NoteListRowView.swift */; };
		0BF88C5128F455AF0074602D /* NoteListView.swift in Sources */ = {isa = PBXBuildFile; fileRef = 0BF88C5028F455AF0074602D /* NoteListView.swift */; };
/* End PBXBuildFile section */

/* Begin PBXContainerItemProxy section */
		0BF88C2C28F43FE90074602D /* PBXContainerItemProxy */ = {
			isa = PBXContainerItemProxy;
			containerPortal = 0BF88C1328F43FE50074602D /* Project object */;
			proxyType = 1;
			remoteGlobalIDString = 0BF88C1A28F43FE50074602D;
			remoteInfo = INote;
		};
		0BF88C3628F43FE90074602D /* PBXContainerItemProxy */ = {
			isa = PBXContainerItemProxy;
			containerPortal = 0BF88C1328F43FE50074602D /* Project object */;
			proxyType = 1;
			remoteGlobalIDString = 0BF88C1A28F43FE50074602D;
			remoteInfo = INote;
		};
/* End PBXContainerItemProxy section */

/* Begin PBXFileReference section */
		0BF88C1B28F43FE50074602D /* INote.app */ = {isa = PBXFileReference; explicitFileType = wrapper.application; includeInIndex = 0; path = INote.app; sourceTree = BUILT_PRODUCTS_DIR; };
		0BF88C1E28F43FE50074602D /* INoteApp.swift */ = {isa = PBXFileReference; lastKnownFileType = sourcecode.swift; path = INoteApp.swift; sourceTree = "<group>"; };
		0BF88C2028F43FE50074602D /* ContentView.swift */ = {isa = PBXFileReference; lastKnownFileType = sourcecode.swift; path = ContentView.swift; sourceTree = "<group>"; };
		0BF88C2228F43FE80074602D /* Assets.xcassets */ = {isa = PBXFileReference; lastKnownFileType = folder.assetcatalog; path = Assets.xcassets; sourceTree = "<group>"; };
		0BF88C2528F43FE80074602D /* Preview Assets.xcassets */ = {isa = PBXFileReference; lastKnownFileType = folder.assetcatalog; path = "Preview Assets.xcassets"; sourceTree = "<group>"; };
		0BF88C2B28F43FE90074602D /* INoteTests.xctest */ = {isa = PBXFileReference; explicitFileType = wrapper.cfbundle; includeInIndex = 0; path = INoteTests.xctest; sourceTree = BUILT_PRODUCTS_DIR; };
		0BF88C2F28F43FE90074602D /* INoteTests.swift */ = {isa = PBXFileReference; lastKnownFileType = sourcecode.swift; path = INoteTests.swift; sourceTree = "<group>"; };
		0BF88C3528F43FE90074602D /* INoteUITests.xctest */ = {isa = PBXFileReference; explicitFileType = wrapper.cfbundle; includeInIndex = 0; path = INoteUITests.xctest; sourceTree = BUILT_PRODUCTS_DIR; };
		0BF88C3928F43FE90074602D /* INoteUITests.swift */ = {isa = PBXFileReference; lastKnownFileType = sourcecode.swift; path = INoteUITests.swift; sourceTree = "<group>"; };
		0BF88C3B28F43FE90074602D /* INoteUITestsLaunchTests.swift */ = {isa = PBXFileReference; lastKnownFileType = sourcecode.swift; path = INoteUITestsLaunchTests.swift; sourceTree = "<group>"; };
		0BF88C4928F440B70074602D /* NoDataView.swift */ = {isa = PBXFileReference; lastKnownFileType = sourcecode.swift; path = NoDataView.swift; sourceTree = "<group>"; };
		0BF88C4C28F452080074602D /* ArticleModel.swift */ = {isa = PBXFileReference; lastKnownFileType = sourcecode.swift; path = ArticleModel.swift; sourceTree = "<group>"; };
		0BF88C4E28F454130074602D /* NoteListRowView.swift */ = {isa = PBXFileReference; lastKnownFileType = sourcecode.swift; path = NoteListRowView.swift; sourceTree = "<group>"; };
		0BF88C5028F455AF0074602D /* NoteListView.swift */ = {isa = PBXFileReference; lastKnownFileType = sourcecode.swift; path = NoteListView.swift; sourceTree = "<group>"; };
/* End PBXFileReference section */

/* Begin PBXFrameworksBuildPhase section */
		0BF88C1828F43FE50074602D /* Frameworks */ = {
			isa = PBXFrameworksBuildPhase;
			buildActionMask = 2147483647;
			files = (
			);
			runOnlyForDeploymentPostprocessing = 0;
		};
		0BF88C2828F43FE90074602D /* Frameworks */ = {
			isa = PBXFrameworksBuildPhase;
			buildActionMask = 2147483647;
			files = (
			);
			runOnlyForDeploymentPostprocessing = 0;
		};
		0BF88C3228F43FE90074602D /* Frameworks */ = {
			isa = PBXFrameworksBuildPhase;
			buildActionMask = 2147483647;
			files = (
			);
			runOnlyForDeploymentPostprocessing = 0;
		};
/* End PBXFrameworksBuildPhase section */

/* Begin PBXGroup section */
		0BF88C1228F43FE50074602D = {
			isa = PBXGroup;
			children = (
				0BF88C1D28F43FE50074602D /* INote */,
				0BF88C2E28F43FE90074602D /* INoteTests */,
				0BF88C3828F43FE90074602D /* INoteUITests */,
				0BF88C1C28F43FE50074602D /* Products */,
			);
			sourceTree = "<group>";
		};
		0BF88C1C28F43FE50074602D /* Products */ = {
			isa = PBXGroup;
			children = (
				0BF88C1B28F43FE50074602D /* INote.app */,
				0BF88C2B28F43FE90074602D /* INoteTests.xctest */,
				0BF88C3528F43FE90074602D /* INoteUITests.xctest */,
			);
			name = Products;
			sourceTree = "<group>";
		};
		0BF88C1D28F43FE50074602D /* INote */ = {
			isa = PBXGroup;
			children = (
				0BF88C4B28F451E80074602D /* Model */,
				0BF88C4828F440990074602D /* View */,
				0BF88C1E28F43FE50074602D /* INoteApp.swift */,
				0BF88C2028F43FE50074602D /* ContentView.swift */,
				0BF88C2228F43FE80074602D /* Assets.xcassets */,
				0BF88C2428F43FE80074602D /* Preview Content */,
			);
			path = INote;
			sourceTree = "<group>";
		};
		0BF88C2428F43FE80074602D /* Preview Content */ = {
			isa = PBXGroup;
			children = (
				0BF88C2528F43FE80074602D /* Preview Assets.xcassets */,
			);
			path = "Preview Content";
			sourceTree = "<group>";
		};
		0BF88C2E28F43FE90074602D /* INoteTests */ = {
			isa = PBXGroup;
			children = (
				0BF88C2F28F43FE90074602D /* INoteTests.swift */,
			);
			path = INoteTests;
			sourceTree = "<group>";
		};
		0BF88C3828F43FE90074602D /* INoteUITests */ = {
			isa = PBXGroup;
			children = (
				0BF88C3928F43FE90074602D /* INoteUITests.swift */,
				0BF88C3B28F43FE90074602D /* INoteUITestsLaunchTests.swift */,
			);
			path = INoteUITests;
			sourceTree = "<group>";
		};
		0BF88C4828F440990074602D /* View */ = {
			isa = PBXGroup;
			children = (
				0BF88C4928F440B70074602D /* NoDataView.swift */,
				0BF88C4E28F454130074602D /* NoteListRowView.swift */,
				0BF88C5028F455AF0074602D /* NoteListView.swift */,
			);
			path = View;
			sourceTree = "<group>";
		};
		0BF88C4B28F451E80074602D /* Model */ = {
			isa = PBXGroup;
			children = (
				0BF88C4C28F452080074602D /* ArticleModel.swift */,
			);
			path = Model;
			sourceTree = "<group>";
		};
/* End PBXGroup section */

/* Begin PBXNativeTarget section */
		0BF88C1A28F43FE50074602D /* INote */ = {
			isa = PBXNativeTarget;
			buildConfigurationList = 0BF88C3F28F43FE90074602D /* Build configuration list for PBXNativeTarget "INote" */;
			buildPhases = (
				0BF88C1728F43FE50074602D /* Sources */,
				0BF88C1828F43FE50074602D /* Frameworks */,
				0BF88C1928F43FE50074602D /* Resources */,
			);
			buildRules = (
			);
			dependencies = (
			);
			name = INote;
			productName = INote;
			productReference = 0BF88C1B28F43FE50074602D /* INote.app */;
			productType = "com.apple.product-type.application";
		};
		0BF88C2A28F43FE90074602D /* INoteTests */ = {
			isa = PBXNativeTarget;
			buildConfigurationList = 0BF88C4228F43FE90074602D /* Build configuration list for PBXNativeTarget "INoteTests" */;
			buildPhases = (
				0BF88C2728F43FE90074602D /* Sources */,
				0BF88C2828F43FE90074602D /* Frameworks */,
				0BF88C2928F43FE90074602D /* Resources */,
			);
			buildRules = (
			);
			dependencies = (
				0BF88C2D28F43FE90074602D /* PBXTargetDependency */,
			);
			name = INoteTests;
			productName = INoteTests;
			productReference = 0BF88C2B28F43FE90074602D /* INoteTests.xctest */;
			productType = "com.apple.product-type.bundle.unit-test";
		};
		0BF88C3428F43FE90074602D /* INoteUITests */ = {
			isa = PBXNativeTarget;
			buildConfigurationList = 0BF88C4528F43FE90074602D /* Build configuration list for PBXNativeTarget "INoteUITests" */;
			buildPhases = (
				0BF88C3128F43FE90074602D /* Sources */,
				0BF88C3228F43FE90074602D /* Frameworks */,
				0BF88C3328F43FE90074602D /* Resources */,
			);
			buildRules = (
			);
			dependencies = (
				0BF88C3728F43FE90074602D /* PBXTargetDependency */,
			);
			name = INoteUITests;
			productName = INoteUITests;
			productReference = 0BF88C3528F43FE90074602D /* INoteUITests.xctest */;
			productType = "com.apple.product-type.bundle.ui-testing";
		};
/* End PBXNativeTarget section */

/* Begin PBXProject section */
		0BF88C1328F43FE50074602D /* Project object */ = {
			isa = PBXProject;
			attributes = {
				BuildIndependentTargetsInParallel = 1;
				LastSwiftUpdateCheck = 1400;
				LastUpgradeCheck = 1400;
				TargetAttributes = {
					0BF88C1A28F43FE50074602D = {
						CreatedOnToolsVersion = 14.0.1;
					};
					0BF88C2A28F43FE90074602D = {
						CreatedOnToolsVersion = 14.0.1;
						TestTargetID = 0BF88C1A28F43FE50074602D;
					};
					0BF88C3428F43FE90074602D = {
						CreatedOnToolsVersion = 14.0.1;
						TestTargetID = 0BF88C1A28F43FE50074602D;
					};
				};
			};
			buildConfigurationList = 0BF88C1628F43FE50074602D /* Build configuration list for PBXProject "INote" */;
			compatibilityVersion = "Xcode 14.0";
			developmentRegion = en;
			hasScannedForEncodings = 0;
			knownRegions = (
				en,
				Base,
			);
			mainGroup = 0BF88C1228F43FE50074602D;
			productRefGroup = 0BF88C1C28F43FE50074602D /* Products */;
			projectDirPath = "";
			projectRoot = "";
			targets = (
				0BF88C1A28F43FE50074602D /* INote */,
				0BF88C2A28F43FE90074602D /* INoteTests */,
				0BF88C3428F43FE90074602D /* INoteUITests */,
			);
		};
/* End PBXProject section */

/* Begin PBXResourcesBuildPhase section */
		0BF88C1928F43FE50074602D /* Resources */ = {
			isa = PBXResourcesBuildPhase;
			buildActionMask = 2147483647;
			files = (
				0BF88C2628F43FE80074602D /* Preview Assets.xcassets in Resources */,
				0BF88C2328F43FE80074602D /* Assets.xcassets in Resources */,
			);
			runOnlyForDeploymentPostprocessing = 0;
		};
		0BF88C2928F43FE90074602D /* Resources */ = {
			isa = PBXResourcesBuildPhase;
			buildActionMask = 2147483647;
			files = (
			);
			runOnlyForDeploymentPostprocessing = 0;
		};
		0BF88C3328F43FE90074602D /* Resources */ = {
			isa = PBXResourcesBuildPhase;
			buildActionMask = 2147483647;
			files = (
			);
			runOnlyForDeploymentPostprocessing = 0;
		};
/* End PBXResourcesBuildPhase section */

/* Begin PBXSourcesBuildPhase section */
		0BF88C1728F43FE50074602D /* Sources */ = {
			isa = PBXSourcesBuildPhase;
			buildActionMask = 2147483647;
			files = (
				0BF88C2128F43FE50074602D /* ContentView.swift in Sources */,
				0BF88C4F28F454130074602D /* NoteListRowView.swift in Sources */,
				0BF88C5128F455AF0074602D /* NoteListView.swift in Sources */,
				0BF88C4A28F440B70074602D /* NoDataView.swift in Sources */,
				0BF88C4D28F452080074602D /* ArticleModel.swift in Sources */,
				0BF88C1F28F43FE50074602D /* INoteApp.swift in Sources */,
			);
			runOnlyForDeploymentPostprocessing = 0;
		};
		0BF88C2728F43FE90074602D /* Sources */ = {
			isa = PBXSourcesBuildPhase;
			buildActionMask = 2147483647;
			files = (
				0BF88C3028F43FE90074602D /* INoteTests.swift in Sources */,
			);
			runOnlyForDeploymentPostprocessing = 0;
		};
		0BF88C3128F43FE90074602D /* Sources */ = {
			isa = PBXSourcesBuildPhase;
			buildActionMask = 2147483647;
			files = (
				0BF88C3C28F43FE90074602D /* INoteUITestsLaunchTests.swift in Sources */,
				0BF88C3A28F43FE90074602D /* INoteUITests.swift in Sources */,
			);
			runOnlyForDeploymentPostprocessing = 0;
		};
/* End PBXSourcesBuildPhase section */

/* Begin PBXTargetDependency section */
		0BF88C2D28F43FE90074602D /* PBXTargetDependency */ = {
			isa = PBXTargetDependency;
			target = 0BF88C1A28F43FE50074602D /* INote */;
			targetProxy = 0BF88C2C28F43FE90074602D /* PBXContainerItemProxy */;
		};
		0BF88C3728F43FE90074602D /* PBXTargetDependency */ = {
			isa = PBXTargetDependency;
			target = 0BF88C1A28F43FE50074602D /* INote */;
			targetProxy = 0BF88C3628F43FE90074602D /* PBXContainerItemProxy */;
		};
/* End PBXTargetDependency section */

/* Begin XCBuildConfiguration section */
		0BF88C3D28F43FE90074602D /* Debug */ = {
			isa = XCBuildConfiguration;
			buildSettings = {
				ALWAYS_SEARCH_USER_PATHS = NO;
				CLANG_ANALYZER_NONNULL = YES;
				CLANG_ANALYZER_NUMBER_OBJECT_CONVERSION = YES_AGGRESSIVE;
				CLANG_CXX_LANGUAGE_STANDARD = "gnu++20";
				CLANG_ENABLE_MODULES = YES;
				CLANG_ENABLE_OBJC_ARC = YES;
				CLANG_ENABLE_OBJC_WEAK = YES;
				CLANG_WARN_BLOCK_CAPTURE_AUTORELEASING = YES;
				CLANG_WARN_BOOL_CONVERSION = YES;
				CLANG_WARN_COMMA = YES;
				CLANG_WARN_CONSTANT_CONVERSION = YES;
				CLANG_WARN_DEPRECATED_OBJC_IMPLEMENTATIONS = YES;
				CLANG_WARN_DIRECT_OBJC_ISA_USAGE = YES_ERROR;
				CLANG_WARN_DOCUMENTATION_COMMENTS = YES;
				CLANG_WARN_EMPTY_BODY = YES;
				CLANG_WARN_ENUM_CONVERSION = YES;
				CLANG_WARN_INFINITE_RECURSION = YES;
				CLANG_WARN_INT_CONVERSION = YES;
				CLANG_WARN_NON_LITERAL_NULL_CONVERSION = YES;
				CLANG_WARN_OBJC_IMPLICIT_RETAIN_SELF = YES;
				CLANG_WARN_OBJC_LITERAL_CONVERSION = YES;
				CLANG_WARN_OBJC_ROOT_CLASS = YES_ERROR;
				CLANG_WARN_QUOTED_INCLUDE_IN_FRAMEWORK_HEADER = YES;
				CLANG_WARN_RANGE_LOOP_ANALYSIS = YES;
				CLANG_WARN_STRICT_PROTOTYPES = YES;
				CLANG_WARN_SUSPICIOUS_MOVE = YES;
				CLANG_WARN_UNGUARDED_AVAILABILITY = YES_AGGRESSIVE;
				CLANG_WARN_UNREACHABLE_CODE = YES;
				CLANG_WARN__DUPLICATE_METHOD_MATCH = YES;
				COPY_PHASE_STRIP = NO;
				DEBUG_INFORMATION_FORMAT = dwarf;
				ENABLE_STRICT_OBJC_MSGSEND = YES;
				ENABLE_TESTABILITY = YES;
				GCC_C_LANGUAGE_STANDARD = gnu11;
				GCC_DYNAMIC_NO_PIC = NO;
				GCC_NO_COMMON_BLOCKS = YES;
				GCC_OPTIMIZATION_LEVEL = 0;
				GCC_PREPROCESSOR_DEFINITIONS = (
					"DEBUG=1",
					"$(inherited)",
				);
				GCC_WARN_64_TO_32_BIT_CONVERSION = YES;
				GCC_WARN_ABOUT_RETURN_TYPE = YES_ERROR;
				GCC_WARN_UNDECLARED_SELECTOR = YES;
				GCC_WARN_UNINITIALIZED_AUTOS = YES_AGGRESSIVE;
				GCC_WARN_UNUSED_FUNCTION = YES;
				GCC_WARN_UNUSED_VARIABLE = YES;
				IPHONEOS_DEPLOYMENT_TARGET = 16.0;
				MTL_ENABLE_DEBUG_INFO = INCLUDE_SOURCE;
				MTL_FAST_MATH = YES;
				ONLY_ACTIVE_ARCH = YES;
				SDKROOT = iphoneos;
				SWIFT_ACTIVE_COMPILATION_CONDITIONS = DEBUG;
				SWIFT_OPTIMIZATION_LEVEL = "-Onone";
			};
			name = Debug;
		};
		0BF88C3E28F43FE90074602D /* Release */ = {
			isa = XCBuildConfiguration;
			buildSettings = {
				ALWAYS_SEARCH_USER_PATHS = NO;
				CLANG_ANALYZER_NONNULL = YES;
				CLANG_ANALYZER_NUMBER_OBJECT_CONVERSION = YES_AGGRESSIVE;
				CLANG_CXX_LANGUAGE_STANDARD = "gnu++20";
				CLANG_ENABLE_MODULES = YES;
				CLANG_ENABLE_OBJC_ARC = YES;
				CLANG_ENABLE_OBJC_WEAK = YES;
				CLANG_WARN_BLOCK_CAPTURE_AUTORELEASING = YES;
				CLANG_WARN_BOOL_CONVERSION = YES;
				CLANG_WARN_COMMA = YES;
				CLANG_WARN_CONSTANT_CONVERSION = YES;
				CLANG_WARN_DEPRECATED_OBJC_IMPLEMENTATIONS = YES;
				CLANG_WARN_DIRECT_OBJC_ISA_USAGE = YES_ERROR;
				CLANG_WARN_DOCUMENTATION_COMMENTS = YES;
				CLANG_WARN_EMPTY_BODY = YES;
				CLANG_WARN_ENUM_CONVERSION = YES;
				CLANG_WARN_INFINITE_RECURSION = YES;
				CLANG_WARN_INT_CONVERSION = YES;
				CLANG_WARN_NON_LITERAL_NULL_CONVERSION = YES;
				CLANG_WARN_OBJC_IMPLICIT_RETAIN_SELF = YES;
				CLANG_WARN_OBJC_LITERAL_CONVERSION = YES;
				CLANG_WARN_OBJC_ROOT_CLASS = YES_ERROR;
				CLANG_WARN_QUOTED_INCLUDE_IN_FRAMEWORK_HEADER = YES;
				CLANG_WARN_RANGE_LOOP_ANALYSIS = YES;
				CLANG_WARN_STRICT_PROTOTYPES = YES;
				CLANG_WARN_SUSPICIOUS_MOVE = YES;
				CLANG_WARN_UNGUARDED_AVAILABILITY = YES_AGGRESSIVE;
				CLANG_WARN_UNREACHABLE_CODE = YES;
				CLANG_WARN__DUPLICATE_METHOD_MATCH = YES;
				COPY_PHASE_STRIP = NO;
				DEBUG_INFORMATION_FORMAT = "dwarf-with-dsym";
				ENABLE_NS_ASSERTIONS = NO;
				ENABLE_STRICT_OBJC_MSGSEND = YES;
				GCC_C_LANGUAGE_STANDARD = gnu11;
				GCC_NO_COMMON_BLOCKS = YES;
				GCC_WARN_64_TO_32_BIT_CONVERSION = YES;
				GCC_WARN_ABOUT_RETURN_TYPE = YES_ERROR;
				GCC_WARN_UNDECLARED_SELECTOR = YES;
				GCC_WARN_UNINITIALIZED_AUTOS = YES_AGGRESSIVE;
				GCC_WARN_UNUSED_FUNCTION = YES;
				GCC_WARN_UNUSED_VARIABLE = YES;
				IPHONEOS_DEPLOYMENT_TARGET = 16.0;
				MTL_ENABLE_DEBUG_INFO = NO;
				MTL_FAST_MATH = YES;
				SDKROOT = iphoneos;
				SWIFT_COMPILATION_MODE = wholemodule;
				SWIFT_OPTIMIZATION_LEVEL = "-O";
				VALIDATE_PRODUCT = YES;
			};
			name = Release;
		};
		0BF88C4028F43FE90074602D /* Debug */ = {
			isa = XCBuildConfiguration;
			buildSettings = {
				ASSETCATALOG_COMPILER_APPICON_NAME = AppIcon;
				ASSETCATALOG_COMPILER_GLOBAL_ACCENT_COLOR_NAME = AccentColor;
				CODE_SIGN_STYLE = Automatic;
				CURRENT_PROJECT_VERSION = 1;
				DEVELOPMENT_ASSET_PATHS = "\"INote/Preview Content\"";
				ENABLE_PREVIEWS = YES;
				GENERATE_INFOPLIST_FILE = YES;
				INFOPLIST_KEY_UIApplicationSceneManifest_Generation = YES;
				INFOPLIST_KEY_UIApplicationSupportsIndirectInputEvents = YES;
				INFOPLIST_KEY_UILaunchScreen_Generation = YES;
				INFOPLIST_KEY_UISupportedInterfaceOrientations_iPad = "UIInterfaceOrientationPortrait UIInterfaceOrientationPortraitUpsideDown UIInterfaceOrientationLandscapeLeft UIInterfaceOrientationLandscapeRight";
				INFOPLIST_KEY_UISupportedInterfaceOrientations_iPhone = "UIInterfaceOrientationPortrait UIInterfaceOrientationLandscapeLeft UIInterfaceOrientationLandscapeRight";
				LD_RUNPATH_SEARCH_PATHS = (
					"$(inherited)",
					"@executable_path/Frameworks",
				);
				MARKETING_VERSION = 1.0;
				PRODUCT_BUNDLE_IDENTIFIER = chaojiang.com.INote;
				PRODUCT_NAME = "$(TARGET_NAME)";
				SWIFT_EMIT_LOC_STRINGS = YES;
				SWIFT_VERSION = 5.0;
				TARGETED_DEVICE_FAMILY = "1,2";
			};
			name = Debug;
		};
		0BF88C4128F43FE90074602D /* Release */ = {
			isa = XCBuildConfiguration;
			buildSettings = {
				ASSETCATALOG_COMPILER_APPICON_NAME = AppIcon;
				ASSETCATALOG_COMPILER_GLOBAL_ACCENT_COLOR_NAME = AccentColor;
				CODE_SIGN_STYLE = Automatic;
				CURRENT_PROJECT_VERSION = 1;
				DEVELOPMENT_ASSET_PATHS = "\"INote/Preview Content\"";
				ENABLE_PREVIEWS = YES;
				GENERATE_INFOPLIST_FILE = YES;
				INFOPLIST_KEY_UIApplicationSceneManifest_Generation = YES;
				INFOPLIST_KEY_UIApplicationSupportsIndirectInputEvents = YES;
				INFOPLIST_KEY_UILaunchScreen_Generation = YES;
				INFOPLIST_KEY_UISupportedInterfaceOrientations_iPad = "UIInterfaceOrientationPortrait UIInterfaceOrientationPortraitUpsideDown UIInterfaceOrientationLandscapeLeft UIInterfaceOrientationLandscapeRight";
				INFOPLIST_KEY_UISupportedInterfaceOrientations_iPhone = "UIInterfaceOrientationPortrait UIInterfaceOrientationLandscapeLeft UIInterfaceOrientationLandscapeRight";
				LD_RUNPATH_SEARCH_PATHS = (
					"$(inherited)",
					"@executable_path/Frameworks",
				);
				MARKETING_VERSION = 1.0;
				PRODUCT_BUNDLE_IDENTIFIER = chaojiang.com.INote;
				PRODUCT_NAME = "$(TARGET_NAME)";
				SWIFT_EMIT_LOC_STRINGS = YES;
				SWIFT_VERSION = 5.0;
				TARGETED_DEVICE_FAMILY = "1,2";
			};
			name = Release;
		};
		0BF88C4328F43FE90074602D /* Debug */ = {
			isa = XCBuildConfiguration;
			buildSettings = {
				ALWAYS_EMBED_SWIFT_STANDARD_LIBRARIES = YES;
				BUNDLE_LOADER = "$(TEST_HOST)";
				CODE_SIGN_STYLE = Automatic;
				CURRENT_PROJECT_VERSION = 1;
				GENERATE_INFOPLIST_FILE = YES;
				IPHONEOS_DEPLOYMENT_TARGET = 16.0;
				MARKETING_VERSION = 1.0;
				PRODUCT_BUNDLE_IDENTIFIER = chaojiang.com.INoteTests;
				PRODUCT_NAME = "$(TARGET_NAME)";
				SWIFT_EMIT_LOC_STRINGS = NO;
				SWIFT_VERSION = 5.0;
				TARGETED_DEVICE_FAMILY = "1,2";
				TEST_HOST = "$(BUILT_PRODUCTS_DIR)/INote.app/$(BUNDLE_EXECUTABLE_FOLDER_PATH)/INote";
			};
			name = Debug;
		};
		0BF88C4428F43FE90074602D /* Release */ = {
			isa = XCBuildConfiguration;
			buildSettings = {
				ALWAYS_EMBED_SWIFT_STANDARD_LIBRARIES = YES;
				BUNDLE_LOADER = "$(TEST_HOST)";
				CODE_SIGN_STYLE = Automatic;
				CURRENT_PROJECT_VERSION = 1;
				GENERATE_INFOPLIST_FILE = YES;
				IPHONEOS_DEPLOYMENT_TARGET = 16.0;
				MARKETING_VERSION = 1.0;
				PRODUCT_BUNDLE_IDENTIFIER = chaojiang.com.INoteTests;
				PRODUCT_NAME = "$(TARGET_NAME)";
				SWIFT_EMIT_LOC_STRINGS = NO;
				SWIFT_VERSION = 5.0;
				TARGETED_DEVICE_FAMILY = "1,2";
				TEST_HOST = "$(BUILT_PRODUCTS_DIR)/INote.app/$(BUNDLE_EXECUTABLE_FOLDER_PATH)/INote";
			};
			name = Release;
		};
		0BF88C4628F43FE90074602D /* Debug */ = {
			isa = XCBuildConfiguration;
			buildSettings = {
				ALWAYS_EMBED_SWIFT_STANDARD_LIBRARIES = YES;
				CODE_SIGN_STYLE = Automatic;
				CURRENT_PROJECT_VERSION = 1;
				GENERATE_INFOPLIST_FILE = YES;
				MARKETING_VERSION = 1.0;
				PRODUCT_BUNDLE_IDENTIFIER = chaojiang.com.INoteUITests;
				PRODUCT_NAME = "$(TARGET_NAME)";
				SWIFT_EMIT_LOC_STRINGS = NO;
				SWIFT_VERSION = 5.0;
				TARGETED_DEVICE_FAMILY = "1,2";
				TEST_TARGET_NAME = INote;
			};
			name = Debug;
		};
		0BF88C4728F43FE90074602D /* Release */ = {
			isa = XCBuildConfiguration;
			buildSettings = {
				ALWAYS_EMBED_SWIFT_STANDARD_LIBRARIES = YES;
				CODE_SIGN_STYLE = Automatic;
				CURRENT_PROJECT_VERSION = 1;
				GENERATE_INFOPLIST_FILE = YES;
				MARKETING_VERSION = 1.0;
				PRODUCT_BUNDLE_IDENTIFIER = chaojiang.com.INoteUITests;
				PRODUCT_NAME = "$(TARGET_NAME)";
				SWIFT_EMIT_LOC_STRINGS = NO;
				SWIFT_VERSION = 5.0;
				TARGETED_DEVICE_FAMILY = "1,2";
				TEST_TARGET_NAME = INote;
			};
			name = Release;
		};
/* End XCBuildConfiguration section */

/* Begin XCConfigurationList section */
		0BF88C1628F43FE50074602D /* Build configuration list for PBXProject "INote" */ = {
			isa = XCConfigurationList;
			buildConfigurations = (
				0BF88C3D28F43FE90074602D /* Debug */,
				0BF88C3E28F43FE90074602D /* Release */,
			);
			defaultConfigurationIsVisible = 0;
			defaultConfigurationName = Release;
		};
		0BF88C3F28F43FE90074602D /* Build configuration list for PBXNativeTarget "INote" */ = {
			isa = XCConfigurationList;
			buildConfigurations = (
				0BF88C4028F43FE90074602D /* Debug */,
				0BF88C4128F43FE90074602D /* Release */,
			);
			defaultConfigurationIsVisible = 0;
			defaultConfigurationName = Release;
		};
		0BF88C4228F43FE90074602D /* Build configuration list for PBXNativeTarget "INoteTests" */ = {
			isa = XCConfigurationList;
			buildConfigurations = (
				0BF88C4328F43FE90074602D /* Debug */,
				0BF88C4428F43FE90074602D /* Release */,
			);
			defaultConfigurationIsVisible = 0;
			defaultConfigurationName = Release;
		};
		0BF88C4528F43FE90074602D /* Build configuration list for PBXNativeTarget "INoteUITests" */ = {
			isa = XCConfigurationList;
			buildConfigurations = (
				0BF88C4628F43FE90074602D /* Debug */,
				0BF88C4728F43FE90074602D /* Release */,
			);
			defaultConfigurationIsVisible = 0;
			defaultConfigurationName = Release;
		};
/* End XCConfigurationList section */
	};
	rootObject = 0BF88C1328F43FE50074602D /* Project object */;
}
